
Microsoft Visual Studio Solution File, Format Version 12.00
# Visual Studio Version 17
VisualStudioVersion = 17.4.33213.308
MinimumVisualStudioVersion = 10.0.40219.1
Project("{9A19103F-16F7-4668-BE54-9A1E7A4F7556}") = "StudentCourseAPI", "StudentCourseAPI\StudentCourseAPI.csproj", "{19FF2564-BCB0-48CC-A6A5-6C36A066AB23}"
EndProject
Project("{FAE04EC0-301F-11D3-BF4B-00C04F79EFBC}") = "TestAPI", "TestAPI\TestAPI.csproj", "{1A39CF79-198C-43DC-964D-3B6BE433FCD8}"
EndProject
Global
	GlobalSection(SolutionConfigurationPlatforms) = preSolution
		Debug|Any CPU = Debug|Any CPU
		Release|Any CPU = Release|Any CPU
	EndGlobalSection
	GlobalSection(ProjectConfigurationPlatforms) = postSolution
		{19FF2564-BCB0-48CC-A6A5-6C36A066AB23}.Debug|Any CPU.ActiveCfg = Debug|Any CPU
		{19FF2564-BCB0-48CC-A6A5-6C36A066AB23}.Debug|Any CPU.Build.0 = Debug|Any CPU
		{19FF2564-BCB0-48CC-A6A5-6C36A066AB23}.Release|Any CPU.ActiveCfg = Release|Any CPU
		{19FF2564-BCB0-48CC-A6A5-6C36A066AB23}.Release|Any CPU.Build.0 = Release|Any CPU
		{1A39CF79-198C-43DC-964D-3B6BE433FCD8}.Debug|Any CPU.ActiveCfg = Debug|Any CPU
		{1A39CF79-198C-43DC-964D-3B6BE433FCD8}.Debug|Any CPU.Build.0 = Debug|Any CPU
		{1A39CF79-198C-43DC-964D-3B6BE433FCD8}.Release|Any CPU.ActiveCfg = Release|Any CPU
		{1A39CF79-198C-43DC-964D-3B6BE433FCD8}.Release|Any CPU.Build.0 = Release|Any CPU
	EndGlobalSection
	GlobalSection(SolutionProperties) = preSolution
		HideSolutionNode = FALSE
	EndGlobalSection
	GlobalSection(ExtensibilityGlobals) = postSolution
		SolutionGuid = {2F1E14CB-557F-437A-9FBE-FBFC571CB452}
	EndGlobalSection
EndGlobal
